// !$*UTF8*$!
{
	archiveVersion = 1;
	classes = {
	};
	objectVersion = 50;
	objects = {

/* Begin PBXBuildFile section */
		A4E3638E7957D5859DBDCC01 /* Pods_BlueView.framework in Frameworks */ = {isa = PBXBuildFile; fileRef = E9BE3771123796668F5FCB7E /* Pods_BlueView.framework */; };
		D811FCAE21305A5600BE3DC4 /* CameraRollCollectionViewCell.swift in Sources */ = {isa = PBXBuildFile; fileRef = D811FCAC21305A5600BE3DC4 /* CameraRollCollectionViewCell.swift */; };
		D811FCAF21305A5600BE3DC4 /* CameraRollCollectionViewCell.xib in Resources */ = {isa = PBXBuildFile; fileRef = D811FCAD21305A5600BE3DC4 /* CameraRollCollectionViewCell.xib */; };
		D811FCB12130A09B00BE3DC4 /* VideoSettingsViewController.swift in Sources */ = {isa = PBXBuildFile; fileRef = D811FCB02130A09B00BE3DC4 /* VideoSettingsViewController.swift */; };
		D8468F1A212DE71C00AB47C4 /* VideoTableViewController.swift in Sources */ = {isa = PBXBuildFile; fileRef = D8468F19212DE71C00AB47C4 /* VideoTableViewController.swift */; };
		D8468F1C212DF0E200AB47C4 /* VimeoClient+Shared.swift in Sources */ = {isa = PBXBuildFile; fileRef = D8468F1B212DF0E200AB47C4 /* VimeoClient+Shared.swift */; };
		D8468F1E212DFBA300AB47C4 /* NewVimeoUploader.swift in Sources */ = {isa = PBXBuildFile; fileRef = D8468F1D212DFBA300AB47C4 /* NewVimeoUploader.swift */; };
		D8468F20212F128800AB47C4 /* Secrets.swift in Sources */ = {isa = PBXBuildFile; fileRef = D8468F1F212F128800AB47C4 /* Secrets.swift */; };
		D867FEA72130547600F162B8 /* CameraRollCollectionViewController.swift in Sources */ = {isa = PBXBuildFile; fileRef = D867FEA52130547600F162B8 /* CameraRollCollectionViewController.swift */; };
		D867FEA82130547600F162B8 /* CameraRollCollectionViewController.xib in Resources */ = {isa = PBXBuildFile; fileRef = D867FEA62130547600F162B8 /* CameraRollCollectionViewController.xib */; };
		D8D436A6212DC66A00821044 /* AppDelegate.swift in Sources */ = {isa = PBXBuildFile; fileRef = D8D436A5212DC66A00821044 /* AppDelegate.swift */; };
		D8D436A8212DC66A00821044 /* VideoViewController.swift in Sources */ = {isa = PBXBuildFile; fileRef = D8D436A7212DC66A00821044 /* VideoViewController.swift */; };
		D8D436AB212DC66A00821044 /* Main.storyboard in Resources */ = {isa = PBXBuildFile; fileRef = D8D436A9212DC66A00821044 /* Main.storyboard */; };
		D8D436AD212DC66B00821044 /* Assets.xcassets in Resources */ = {isa = PBXBuildFile; fileRef = D8D436AC212DC66B00821044 /* Assets.xcassets */; };
		D8D436B0212DC66B00821044 /* LaunchScreen.storyboard in Resources */ = {isa = PBXBuildFile; fileRef = D8D436AE212DC66B00821044 /* LaunchScreen.storyboard */; };
/* End PBXBuildFile section */

/* Begin PBXFileReference section */
		164F60D490BC0019D8E19A4D /* Pods-BlueView.debug.xcconfig */ = {isa = PBXFileReference; includeInIndex = 1; lastKnownFileType = text.xcconfig; name = "Pods-BlueView.debug.xcconfig"; path = "Pods/Target Support Files/Pods-BlueView/Pods-BlueView.debug.xcconfig"; sourceTree = "<group>"; };
		A867585313056F26BEE4C052 /* Pods-BlueView.release.xcconfig */ = {isa = PBXFileReference; includeInIndex = 1; lastKnownFileType = text.xcconfig; name = "Pods-BlueView.release.xcconfig"; path = "Pods/Target Support Files/Pods-BlueView/Pods-BlueView.release.xcconfig"; sourceTree = "<group>"; };
		D811FCAC21305A5600BE3DC4 /* CameraRollCollectionViewCell.swift */ = {isa = PBXFileReference; lastKnownFileType = sourcecode.swift; path = CameraRollCollectionViewCell.swift; sourceTree = "<group>"; };
		D811FCAD21305A5600BE3DC4 /* CameraRollCollectionViewCell.xib */ = {isa = PBXFileReference; lastKnownFileType = file.xib; path = CameraRollCollectionViewCell.xib; sourceTree = "<group>"; };
		D811FCB02130A09B00BE3DC4 /* VideoSettingsViewController.swift */ = {isa = PBXFileReference; lastKnownFileType = sourcecode.swift; path = VideoSettingsViewController.swift; sourceTree = "<group>"; };
		D8468F19212DE71C00AB47C4 /* VideoTableViewController.swift */ = {isa = PBXFileReference; lastKnownFileType = sourcecode.swift; path = VideoTableViewController.swift; sourceTree = "<group>"; };
		D8468F1B212DF0E200AB47C4 /* VimeoClient+Shared.swift */ = {isa = PBXFileReference; lastKnownFileType = sourcecode.swift; path = "VimeoClient+Shared.swift"; sourceTree = "<group>"; };
		D8468F1D212DFBA300AB47C4 /* NewVimeoUploader.swift */ = {isa = PBXFileReference; lastKnownFileType = sourcecode.swift; path = NewVimeoUploader.swift; sourceTree = "<group>"; };
		D8468F1F212F128800AB47C4 /* Secrets.swift */ = {isa = PBXFileReference; lastKnownFileType = sourcecode.swift; path = Secrets.swift; sourceTree = "<group>"; };
		D867FEA52130547600F162B8 /* CameraRollCollectionViewController.swift */ = {isa = PBXFileReference; lastKnownFileType = sourcecode.swift; path = CameraRollCollectionViewController.swift; sourceTree = "<group>"; };
		D867FEA62130547600F162B8 /* CameraRollCollectionViewController.xib */ = {isa = PBXFileReference; lastKnownFileType = file.xib; path = CameraRollCollectionViewController.xib; sourceTree = "<group>"; };
		D8D436A2212DC66A00821044 /* BlueView.app */ = {isa = PBXFileReference; explicitFileType = wrapper.application; includeInIndex = 0; path = BlueView.app; sourceTree = BUILT_PRODUCTS_DIR; };
		D8D436A5212DC66A00821044 /* AppDelegate.swift */ = {isa = PBXFileReference; lastKnownFileType = sourcecode.swift; path = AppDelegate.swift; sourceTree = "<group>"; };
		D8D436A7212DC66A00821044 /* VideoViewController.swift */ = {isa = PBXFileReference; lastKnownFileType = sourcecode.swift; path = VideoViewController.swift; sourceTree = "<group>"; };
		D8D436AA212DC66A00821044 /* Base */ = {isa = PBXFileReference; lastKnownFileType = file.storyboard; name = Base; path = Base.lproj/Main.storyboard; sourceTree = "<group>"; };
		D8D436AC212DC66B00821044 /* Assets.xcassets */ = {isa = PBXFileReference; lastKnownFileType = folder.assetcatalog; path = Assets.xcassets; sourceTree = "<group>"; };
		D8D436AF212DC66B00821044 /* Base */ = {isa = PBXFileReference; lastKnownFileType = file.storyboard; name = Base; path = Base.lproj/LaunchScreen.storyboard; sourceTree = "<group>"; };
		D8D436B1212DC66B00821044 /* Info.plist */ = {isa = PBXFileReference; lastKnownFileType = text.plist.xml; path = Info.plist; sourceTree = "<group>"; };
		D8D436B8212DD2FD00821044 /* Header.h */ = {isa = PBXFileReference; fileEncoding = 4; lastKnownFileType = sourcecode.c.h; path = Header.h; sourceTree = "<group>"; };
		E9BE3771123796668F5FCB7E /* Pods_BlueView.framework */ = {isa = PBXFileReference; explicitFileType = wrapper.framework; includeInIndex = 0; path = Pods_BlueView.framework; sourceTree = BUILT_PRODUCTS_DIR; };
/* End PBXFileReference section */

/* Begin PBXFrameworksBuildPhase section */
		D8D4369F212DC66A00821044 /* Frameworks */ = {
			isa = PBXFrameworksBuildPhase;
			buildActionMask = 2147483647;
			files = (
				A4E3638E7957D5859DBDCC01 /* Pods_BlueView.framework in Frameworks */,
			);
			runOnlyForDeploymentPostprocessing = 0;
		};
/* End PBXFrameworksBuildPhase section */

/* Begin PBXGroup section */
		6C901DD8B5D06D9DE2BED911 /* Pods */ = {
			isa = PBXGroup;
			children = (
				164F60D490BC0019D8E19A4D /* Pods-BlueView.debug.xcconfig */,
				A867585313056F26BEE4C052 /* Pods-BlueView.release.xcconfig */,
			);
			name = Pods;
			sourceTree = "<group>";
		};
		99B3B90944E929B9E6B3FF78 /* Frameworks */ = {
			isa = PBXGroup;
			children = (
				E9BE3771123796668F5FCB7E /* Pods_BlueView.framework */,
			);
			name = Frameworks;
			sourceTree = "<group>";
		};
		D867FEA3213052D000F162B8 /* Views */ = {
			isa = PBXGroup;
			children = (
				D811FCAC21305A5600BE3DC4 /* CameraRollCollectionViewCell.swift */,
				D811FCAD21305A5600BE3DC4 /* CameraRollCollectionViewCell.xib */,
				D8D436A9212DC66A00821044 /* Main.storyboard */,
				D8D436AE212DC66B00821044 /* LaunchScreen.storyboard */,
			);
			path = Views;
			sourceTree = "<group>";
		};
		D867FEA4213052D500F162B8 /* ViewControllers */ = {
			isa = PBXGroup;
			children = (
				D8468F19212DE71C00AB47C4 /* VideoTableViewController.swift */,
				D8D436A7212DC66A00821044 /* VideoViewController.swift */,
				D811FCB02130A09B00BE3DC4 /* VideoSettingsViewController.swift */,
				D867FEA52130547600F162B8 /* CameraRollCollectionViewController.swift */,
				D867FEA62130547600F162B8 /* CameraRollCollectionViewController.xib */,
			);
			path = ViewControllers;
			sourceTree = "<group>";
		};
		D8D43699212DC66A00821044 = {
			isa = PBXGroup;
			children = (
				D8D436A4212DC66A00821044 /* BlueView */,
				D8D436A3212DC66A00821044 /* Products */,
				6C901DD8B5D06D9DE2BED911 /* Pods */,
				99B3B90944E929B9E6B3FF78 /* Frameworks */,
			);
			sourceTree = "<group>";
		};
		D8D436A3212DC66A00821044 /* Products */ = {
			isa = PBXGroup;
			children = (
				D8D436A2212DC66A00821044 /* BlueView.app */,
			);
			name = Products;
			sourceTree = "<group>";
		};
		D8D436A4212DC66A00821044 /* BlueView */ = {
			isa = PBXGroup;
			children = (
				D8D436A5212DC66A00821044 /* AppDelegate.swift */,
				D8468F1D212DFBA300AB47C4 /* NewVimeoUploader.swift */,
				D8468F1B212DF0E200AB47C4 /* VimeoClient+Shared.swift */,
				D8468F1F212F128800AB47C4 /* Secrets.swift */,
				D867FEA4213052D500F162B8 /* ViewControllers */,
				D867FEA3213052D000F162B8 /* Views */,
				D8D436AC212DC66B00821044 /* Assets.xcassets */,
				D8D436B8212DD2FD00821044 /* Header.h */,
				D8D436B1212DC66B00821044 /* Info.plist */,
			);
			path = BlueView;
			sourceTree = "<group>";
		};
/* End PBXGroup section */

/* Begin PBXNativeTarget section */
		D8D436A1212DC66A00821044 /* BlueView */ = {
			isa = PBXNativeTarget;
			buildConfigurationList = D8D436B4212DC66B00821044 /* Build configuration list for PBXNativeTarget "BlueView" */;
			buildPhases = (
				8FBC7472FD942703BBC34EAB /* [CP] Check Pods Manifest.lock */,
				D8D4369E212DC66A00821044 /* Sources */,
				D8D4369F212DC66A00821044 /* Frameworks */,
				D8D436A0212DC66A00821044 /* Resources */,
				1C2C8982D06F203E25BB2952 /* [CP] Embed Pods Frameworks */,
			);
			buildRules = (
			);
			dependencies = (
			);
			name = BlueView;
			productName = BlueView;
			productReference = D8D436A2212DC66A00821044 /* BlueView.app */;
			productType = "com.apple.product-type.application";
		};
/* End PBXNativeTarget section */

/* Begin PBXProject section */
		D8D4369A212DC66A00821044 /* Project object */ = {
			isa = PBXProject;
			attributes = {
				LastSwiftUpdateCheck = 0940;
				LastUpgradeCheck = 0940;
				ORGANIZATIONNAME = Joe;
				TargetAttributes = {
					D8D436A1212DC66A00821044 = {
						CreatedOnToolsVersion = 9.4.1;
					};
				};
			};
			buildConfigurationList = D8D4369D212DC66A00821044 /* Build configuration list for PBXProject "BlueView" */;
			compatibilityVersion = "Xcode 9.3";
			developmentRegion = en;
			hasScannedForEncodings = 0;
			knownRegions = (
				en,
				Base,
			);
			mainGroup = D8D43699212DC66A00821044;
			productRefGroup = D8D436A3212DC66A00821044 /* Products */;
			projectDirPath = "";
			projectRoot = "";
			targets = (
				D8D436A1212DC66A00821044 /* BlueView */,
			);
		};
/* End PBXProject section */

/* Begin PBXResourcesBuildPhase section */
		D8D436A0212DC66A00821044 /* Resources */ = {
			isa = PBXResourcesBuildPhase;
			buildActionMask = 2147483647;
			files = (
				D867FEA82130547600F162B8 /* CameraRollCollectionViewController.xib in Resources */,
				D8D436B0212DC66B00821044 /* LaunchScreen.storyboard in Resources */,
				D8D436AD212DC66B00821044 /* Assets.xcassets in Resources */,
				D811FCAF21305A5600BE3DC4 /* CameraRollCollectionViewCell.xib in Resources */,
				D8D436AB212DC66A00821044 /* Main.storyboard in Resources */,
			);
			runOnlyForDeploymentPostprocessing = 0;
		};
/* End PBXResourcesBuildPhase section */

/* Begin PBXShellScriptBuildPhase section */
		1C2C8982D06F203E25BB2952 /* [CP] Embed Pods Frameworks */ = {
			isa = PBXShellScriptBuildPhase;
			buildActionMask = 2147483647;
			files = (
			);
			inputPaths = (
				"${SRCROOT}/Pods/Target Support Files/Pods-BlueView/Pods-BlueView-frameworks.sh",
				"${BUILT_PRODUCTS_DIR}/AFNetworking/AFNetworking.framework",
				"${BUILT_PRODUCTS_DIR}/PlayerKit/PlayerKit.framework",
				"${BUILT_PRODUCTS_DIR}/VimeoNetworking/VimeoNetworking.framework",
				"${BUILT_PRODUCTS_DIR}/VimeoUpload/VimeoUpload.framework",
			);
			name = "[CP] Embed Pods Frameworks";
			outputPaths = (
				"${TARGET_BUILD_DIR}/${FRAMEWORKS_FOLDER_PATH}/AFNetworking.framework",
				"${TARGET_BUILD_DIR}/${FRAMEWORKS_FOLDER_PATH}/PlayerKit.framework",
				"${TARGET_BUILD_DIR}/${FRAMEWORKS_FOLDER_PATH}/VimeoNetworking.framework",
				"${TARGET_BUILD_DIR}/${FRAMEWORKS_FOLDER_PATH}/VimeoUpload.framework",
			);
			runOnlyForDeploymentPostprocessing = 0;
			shellPath = /bin/sh;
			shellScript = "\"${SRCROOT}/Pods/Target Support Files/Pods-BlueView/Pods-BlueView-frameworks.sh\"\n";
			showEnvVarsInLog = 0;
		};
		8FBC7472FD942703BBC34EAB /* [CP] Check Pods Manifest.lock */ = {
			isa = PBXShellScriptBuildPhase;
			buildActionMask = 2147483647;
			files = (
			);
			inputPaths = (
				"${PODS_PODFILE_DIR_PATH}/Podfile.lock",
				"${PODS_ROOT}/Manifest.lock",
			);
			name = "[CP] Check Pods Manifest.lock";
			outputPaths = (
				"$(DERIVED_FILE_DIR)/Pods-BlueView-checkManifestLockResult.txt",
			);
			runOnlyForDeploymentPostprocessing = 0;
			shellPath = /bin/sh;
			shellScript = "diff \"${PODS_PODFILE_DIR_PATH}/Podfile.lock\" \"${PODS_ROOT}/Manifest.lock\" > /dev/null\nif [ $? != 0 ] ; then\n    # print error to STDERR\n    echo \"error: The sandbox is not in sync with the Podfile.lock. Run 'pod install' or update your CocoaPods installation.\" >&2\n    exit 1\nfi\n# This output is used by Xcode 'outputs' to avoid re-running this script phase.\necho \"SUCCESS\" > \"${SCRIPT_OUTPUT_FILE_0}\"\n";
			showEnvVarsInLog = 0;
		};
/* End PBXShellScriptBuildPhase section */

/* Begin PBXSourcesBuildPhase section */
		D8D4369E212DC66A00821044 /* Sources */ = {
			isa = PBXSourcesBuildPhase;
			buildActionMask = 2147483647;
			files = (
				D8468F1C212DF0E200AB47C4 /* VimeoClient+Shared.swift in Sources */,
				D8468F20212F128800AB47C4 /* Secrets.swift in Sources */,
				D867FEA72130547600F162B8 /* CameraRollCollectionViewController.swift in Sources */,
				D8468F1E212DFBA300AB47C4 /* NewVimeoUploader.swift in Sources */,
				D8D436A8212DC66A00821044 /* VideoViewController.swift in Sources */,
				D8468F1A212DE71C00AB47C4 /* VideoTableViewController.swift in Sources */,
				D811FCAE21305A5600BE3DC4 /* CameraRollCollectionViewCell.swift in Sources */,
				D811FCB12130A09B00BE3DC4 /* VideoSettingsViewController.swift in Sources */,
				D8D436A6212DC66A00821044 /* AppDelegate.swift in Sources */,
			);
			runOnlyForDeploymentPostprocessing = 0;
		};
/* End PBXSourcesBuildPhase section */

/* Begin PBXVariantGroup section */
		D8D436A9212DC66A00821044 /* Main.storyboard */ = {
			isa = PBXVariantGroup;
			children = (
				D8D436AA212DC66A00821044 /* Base */,
			);
			name = Main.storyboard;
			sourceTree = "<group>";
		};
		D8D436AE212DC66B00821044 /* LaunchScreen.storyboard */ = {
			isa = PBXVariantGroup;
			children = (
				D8D436AF212DC66B00821044 /* Base */,
			);
			name = LaunchScreen.storyboard;
			sourceTree = "<group>";
		};
/* End PBXVariantGroup section */

/* Begin XCBuildConfiguration section */
		D8D436B2212DC66B00821044 /* Debug */ = {
			isa = XCBuildConfiguration;
			buildSettings = {
				ALWAYS_SEARCH_USER_PATHS = NO;
				CLANG_ANALYZER_NONNULL = YES;
				CLANG_ANALYZER_NUMBER_OBJECT_CONVERSION = YES_AGGRESSIVE;
				CLANG_CXX_LANGUAGE_STANDARD = "gnu++14";
				CLANG_CXX_LIBRARY = "libc++";
				CLANG_ENABLE_MODULES = YES;
				CLANG_ENABLE_OBJC_ARC = YES;
				CLANG_ENABLE_OBJC_WEAK = YES;
				CLANG_WARN_BLOCK_CAPTURE_AUTORELEASING = YES;
				CLANG_WARN_BOOL_CONVERSION = YES;
				CLANG_WARN_COMMA = YES;
				CLANG_WARN_CONSTANT_CONVERSION = YES;
				CLANG_WARN_DEPRECATED_OBJC_IMPLEMENTATIONS = YES;
				CLANG_WARN_DIRECT_OBJC_ISA_USAGE = YES_ERROR;
				CLANG_WARN_DOCUMENTATION_COMMENTS = YES;
				CLANG_WARN_EMPTY_BODY = YES;
				CLANG_WARN_ENUM_CONVERSION = YES;
				CLANG_WARN_INFINITE_RECURSION = YES;
				CLANG_WARN_INT_CONVERSION = YES;
				CLANG_WARN_NON_LITERAL_NULL_CONVERSION = YES;
				CLANG_WARN_OBJC_IMPLICIT_RETAIN_SELF = YES;
				CLANG_WARN_OBJC_LITERAL_CONVERSION = YES;
				CLANG_WARN_OBJC_ROOT_CLASS = YES_ERROR;
				CLANG_WARN_RANGE_LOOP_ANALYSIS = YES;
				CLANG_WARN_STRICT_PROTOTYPES = YES;
				CLANG_WARN_SUSPICIOUS_MOVE = YES;
				CLANG_WARN_UNGUARDED_AVAILABILITY = YES_AGGRESSIVE;
				CLANG_WARN_UNREACHABLE_CODE = YES;
				CLANG_WARN__DUPLICATE_METHOD_MATCH = YES;
				CODE_SIGN_IDENTITY = "iPhone Developer";
				COPY_PHASE_STRIP = NO;
				DEBUG_INFORMATION_FORMAT = dwarf;
				ENABLE_STRICT_OBJC_MSGSEND = YES;
				ENABLE_TESTABILITY = YES;
				GCC_C_LANGUAGE_STANDARD = gnu11;
				GCC_DYNAMIC_NO_PIC = NO;
				GCC_NO_COMMON_BLOCKS = YES;
				GCC_OPTIMIZATION_LEVEL = 0;
				GCC_PREPROCESSOR_DEFINITIONS = (
					"DEBUG=1",
					"$(inherited)",
				);
				GCC_WARN_64_TO_32_BIT_CONVERSION = YES;
				GCC_WARN_ABOUT_RETURN_TYPE = YES_ERROR;
				GCC_WARN_UNDECLARED_SELECTOR = YES;
				GCC_WARN_UNINITIALIZED_AUTOS = YES_AGGRESSIVE;
				GCC_WARN_UNUSED_FUNCTION = YES;
				GCC_WARN_UNUSED_VARIABLE = YES;
				IPHONEOS_DEPLOYMENT_TARGET = 11.4;
				MTL_ENABLE_DEBUG_INFO = YES;
				ONLY_ACTIVE_ARCH = YES;
				SDKROOT = iphoneos;
				SWIFT_ACTIVE_COMPILATION_CONDITIONS = DEBUG;
				SWIFT_OPTIMIZATION_LEVEL = "-Onone";
				SWIFT_VERSION = 4.0;
			};
			name = Debug;
		};
		D8D436B3212DC66B00821044 /* Release */ = {
			isa = XCBuildConfiguration;
			buildSettings = {
				ALWAYS_SEARCH_USER_PATHS = NO;
				CLANG_ANALYZER_NONNULL = YES;
				CLANG_ANALYZER_NUMBER_OBJECT_CONVERSION = YES_AGGRESSIVE;
				CLANG_CXX_LANGUAGE_STANDARD = "gnu++14";
				CLANG_CXX_LIBRARY = "libc++";
				CLANG_ENABLE_MODULES = YES;
				CLANG_ENABLE_OBJC_ARC = YES;
				CLANG_ENABLE_OBJC_WEAK = YES;
				CLANG_WARN_BLOCK_CAPTURE_AUTORELEASING = YES;
				CLANG_WARN_BOOL_CONVERSION = YES;
				CLANG_WARN_COMMA = YES;
				CLANG_WARN_CONSTANT_CONVERSION = YES;
				CLANG_WARN_DEPRECATED_OBJC_IMPLEMENTATIONS = YES;
				CLANG_WARN_DIRECT_OBJC_ISA_USAGE = YES_ERROR;
				CLANG_WARN_DOCUMENTATION_COMMENTS = YES;
				CLANG_WARN_EMPTY_BODY = YES;
				CLANG_WARN_ENUM_CONVERSION = YES;
				CLANG_WARN_INFINITE_RECURSION = YES;
				CLANG_WARN_INT_CONVERSION = YES;
				CLANG_WARN_NON_LITERAL_NULL_CONVERSION = YES;
				CLANG_WARN_OBJC_IMPLICIT_RETAIN_SELF = YES;
				CLANG_WARN_OBJC_LITERAL_CONVERSION = YES;
				CLANG_WARN_OBJC_ROOT_CLASS = YES_ERROR;
				CLANG_WARN_RANGE_LOOP_ANALYSIS = YES;
				CLANG_WARN_STRICT_PROTOTYPES = YES;
				CLANG_WARN_SUSPICIOUS_MOVE = YES;
				CLANG_WARN_UNGUARDED_AVAILABILITY = YES_AGGRESSIVE;
				CLANG_WARN_UNREACHABLE_CODE = YES;
				CLANG_WARN__DUPLICATE_METHOD_MATCH = YES;
				CODE_SIGN_IDENTITY = "iPhone Developer";
				COPY_PHASE_STRIP = NO;
				DEBUG_INFORMATION_FORMAT = "dwarf-with-dsym";
				ENABLE_NS_ASSERTIONS = NO;
				ENABLE_STRICT_OBJC_MSGSEND = YES;
				GCC_C_LANGUAGE_STANDARD = gnu11;
				GCC_NO_COMMON_BLOCKS = YES;
				GCC_WARN_64_TO_32_BIT_CONVERSION = YES;
				GCC_WARN_ABOUT_RETURN_TYPE = YES_ERROR;
				GCC_WARN_UNDECLARED_SELECTOR = YES;
				GCC_WARN_UNINITIALIZED_AUTOS = YES_AGGRESSIVE;
				GCC_WARN_UNUSED_FUNCTION = YES;
				GCC_WARN_UNUSED_VARIABLE = YES;
				IPHONEOS_DEPLOYMENT_TARGET = 11.4;
				MTL_ENABLE_DEBUG_INFO = NO;
				SDKROOT = iphoneos;
				SWIFT_COMPILATION_MODE = wholemodule;
				SWIFT_OPTIMIZATION_LEVEL = "-O";
				SWIFT_VERSION = 4.0;
				VALIDATE_PRODUCT = YES;
			};
			name = Release;
		};
		D8D436B5212DC66B00821044 /* Debug */ = {
			isa = XCBuildConfiguration;
			baseConfigurationReference = 164F60D490BC0019D8E19A4D /* Pods-BlueView.debug.xcconfig */;
			buildSettings = {
				ASSETCATALOG_COMPILER_APPICON_NAME = AppIcon;
				CODE_SIGN_STYLE = Automatic;
				DEVELOPMENT_TEAM = 99KXCHFK84;
				INFOPLIST_FILE = BlueView/Info.plist;
				LD_RUNPATH_SEARCH_PATHS = (
					"$(inherited)",
					"@executable_path/Frameworks",
				);
				PRODUCT_BUNDLE_IDENTIFIER = com.practice.BlueView;
				PRODUCT_NAME = "$(TARGET_NAME)";
				SWIFT_VERSION = 4.0;
				TARGETED_DEVICE_FAMILY = "1,2";
			};
			name = Debug;
		};
		D8D436B6212DC66B00821044 /* Release */ = {
			isa = XCBuildConfiguration;
			baseConfigurationReference = A867585313056F26BEE4C052 /* Pods-BlueView.release.xcconfig */;
			buildSettings = {
				ASSETCATALOG_COMPILER_APPICON_NAME = AppIcon;
				CODE_SIGN_STYLE = Automatic;
				DEVELOPMENT_TEAM = 99KXCHFK84;
				INFOPLIST_FILE = BlueView/Info.plist;
				LD_RUNPATH_SEARCH_PATHS = (
					"$(inherited)",
					"@executable_path/Frameworks",
				);
				PRODUCT_BUNDLE_IDENTIFIER = com.practice.BlueView;
				PRODUCT_NAME = "$(TARGET_NAME)";
				SWIFT_VERSION = 4.0;
				TARGETED_DEVICE_FAMILY = "1,2";
			};
			name = Release;
		};
/* End XCBuildConfiguration section */

/* Begin XCConfigurationList section */
		D8D4369D212DC66A00821044 /* Build configuration list for PBXProject "BlueView" */ = {
			isa = XCConfigurationList;
			buildConfigurations = (
				D8D436B2212DC66B00821044 /* Debug */,
				D8D436B3212DC66B00821044 /* Release */,
			);
			defaultConfigurationIsVisible = 0;
			defaultConfigurationName = Release;
		};
		D8D436B4212DC66B00821044 /* Build configuration list for PBXNativeTarget "BlueView" */ = {
			isa = XCConfigurationList;
			buildConfigurations = (
				D8D436B5212DC66B00821044 /* Debug */,
				D8D436B6212DC66B00821044 /* Release */,
			);
			defaultConfigurationIsVisible = 0;
			defaultConfigurationName = Release;
		};
/* End XCConfigurationList section */
	};
	rootObject = D8D4369A212DC66A00821044 /* Project object */;
}
